// !$*UTF8*$!
{
	archiveVersion = 1;
	classes = {
	};
	objectVersion = 50;
	objects = {

/* Begin PBXBuildFile section */
		B4BC2654261B456E00843BEF /* WarikanKunApp.swift in Sources */ = {isa = PBXBuildFile; fileRef = B4BC2653261B456E00843BEF /* WarikanKunApp.swift */; };
		B4BC2656261B456E00843BEF /* ContentView.swift in Sources */ = {isa = PBXBuildFile; fileRef = B4BC2655261B456E00843BEF /* ContentView.swift */; };
		B4BC2658261B457400843BEF /* Assets.xcassets in Resources */ = {isa = PBXBuildFile; fileRef = B4BC2657261B457400843BEF /* Assets.xcassets */; };
		B4BC265B261B457400843BEF /* Preview Assets.xcassets in Resources */ = {isa = PBXBuildFile; fileRef = B4BC265A261B457400843BEF /* Preview Assets.xcassets */; };
		B4BC2666261B457400843BEF /* WarikanKunTests.swift in Sources */ = {isa = PBXBuildFile; fileRef = B4BC2665261B457400843BEF /* WarikanKunTests.swift */; };
		B4BC2671261B457400843BEF /* WarikanKunUITests.swift in Sources */ = {isa = PBXBuildFile; fileRef = B4BC2670261B457400843BEF /* WarikanKunUITests.swift */; };
		B4BC2682261B483E00843BEF /* SwiftUIView.swift in Sources */ = {isa = PBXBuildFile; fileRef = B4BC2681261B483E00843BEF /* SwiftUIView.swift */; };
		B4BC268C261C3A8700843BEF /* Event.swift in Sources */ = {isa = PBXBuildFile; fileRef = B4BC268B261C3A8700843BEF /* Event.swift */; };
		B4BC2691261C3C5900843BEF /* Member.swift in Sources */ = {isa = PBXBuildFile; fileRef = B4BC2690261C3C5900843BEF /* Member.swift */; };
		B4BC2696261C3CFD00843BEF /* Payment.swift in Sources */ = {isa = PBXBuildFile; fileRef = B4BC2695261C3CFD00843BEF /* Payment.swift */; };
		B4BC269B261C429800843BEF /* EventView.swift in Sources */ = {isa = PBXBuildFile; fileRef = B4BC269A261C429800843BEF /* EventView.swift */; };
		B4BC26A9261F386400843BEF /* EventEditView.swift in Sources */ = {isa = PBXBuildFile; fileRef = B4BC26A8261F386400843BEF /* EventEditView.swift */; };
		B4BC26AE26216F8A00843BEF /* CreateMemberView.swift in Sources */ = {isa = PBXBuildFile; fileRef = B4BC26AD26216F8A00843BEF /* CreateMemberView.swift */; };
/* End PBXBuildFile section */

/* Begin PBXContainerItemProxy section */
		B4BC2662261B457400843BEF /* PBXContainerItemProxy */ = {
			isa = PBXContainerItemProxy;
			containerPortal = B4BC2648261B456D00843BEF /* Project object */;
			proxyType = 1;
			remoteGlobalIDString = B4BC264F261B456E00843BEF;
			remoteInfo = WarikanKun;
		};
		B4BC266D261B457400843BEF /* PBXContainerItemProxy */ = {
			isa = PBXContainerItemProxy;
			containerPortal = B4BC2648261B456D00843BEF /* Project object */;
			proxyType = 1;
			remoteGlobalIDString = B4BC264F261B456E00843BEF;
			remoteInfo = WarikanKun;
		};
/* End PBXContainerItemProxy section */

/* Begin PBXFileReference section */
		B4BC2650261B456E00843BEF /* WarikanKun.app */ = {isa = PBXFileReference; explicitFileType = wrapper.application; includeInIndex = 0; path = WarikanKun.app; sourceTree = BUILT_PRODUCTS_DIR; };
		B4BC2653261B456E00843BEF /* WarikanKunApp.swift */ = {isa = PBXFileReference; lastKnownFileType = sourcecode.swift; path = WarikanKunApp.swift; sourceTree = "<group>"; };
		B4BC2655261B456E00843BEF /* ContentView.swift */ = {isa = PBXFileReference; lastKnownFileType = sourcecode.swift; path = ContentView.swift; sourceTree = "<group>"; };
		B4BC2657261B457400843BEF /* Assets.xcassets */ = {isa = PBXFileReference; lastKnownFileType = folder.assetcatalog; path = Assets.xcassets; sourceTree = "<group>"; };
		B4BC265A261B457400843BEF /* Preview Assets.xcassets */ = {isa = PBXFileReference; lastKnownFileType = folder.assetcatalog; path = "Preview Assets.xcassets"; sourceTree = "<group>"; };
		B4BC265C261B457400843BEF /* Info.plist */ = {isa = PBXFileReference; lastKnownFileType = text.plist.xml; path = Info.plist; sourceTree = "<group>"; };
		B4BC2661261B457400843BEF /* WarikanKunTests.xctest */ = {isa = PBXFileReference; explicitFileType = wrapper.cfbundle; includeInIndex = 0; path = WarikanKunTests.xctest; sourceTree = BUILT_PRODUCTS_DIR; };
		B4BC2665261B457400843BEF /* WarikanKunTests.swift */ = {isa = PBXFileReference; lastKnownFileType = sourcecode.swift; path = WarikanKunTests.swift; sourceTree = "<group>"; };
		B4BC2667261B457400843BEF /* Info.plist */ = {isa = PBXFileReference; lastKnownFileType = text.plist.xml; path = Info.plist; sourceTree = "<group>"; };
		B4BC266C261B457400843BEF /* WarikanKunUITests.xctest */ = {isa = PBXFileReference; explicitFileType = wrapper.cfbundle; includeInIndex = 0; path = WarikanKunUITests.xctest; sourceTree = BUILT_PRODUCTS_DIR; };
		B4BC2670261B457400843BEF /* WarikanKunUITests.swift */ = {isa = PBXFileReference; lastKnownFileType = sourcecode.swift; path = WarikanKunUITests.swift; sourceTree = "<group>"; };
		B4BC2672261B457400843BEF /* Info.plist */ = {isa = PBXFileReference; lastKnownFileType = text.plist.xml; path = Info.plist; sourceTree = "<group>"; };
		B4BC2681261B483E00843BEF /* SwiftUIView.swift */ = {isa = PBXFileReference; lastKnownFileType = sourcecode.swift; path = SwiftUIView.swift; sourceTree = "<group>"; };
		B4BC268B261C3A8700843BEF /* Event.swift */ = {isa = PBXFileReference; lastKnownFileType = sourcecode.swift; path = Event.swift; sourceTree = "<group>"; };
		B4BC2690261C3C5900843BEF /* Member.swift */ = {isa = PBXFileReference; lastKnownFileType = sourcecode.swift; path = Member.swift; sourceTree = "<group>"; };
		B4BC2695261C3CFD00843BEF /* Payment.swift */ = {isa = PBXFileReference; lastKnownFileType = sourcecode.swift; path = Payment.swift; sourceTree = "<group>"; };
		B4BC269A261C429800843BEF /* EventView.swift */ = {isa = PBXFileReference; lastKnownFileType = sourcecode.swift; path = EventView.swift; sourceTree = "<group>"; };
		B4BC26A8261F386400843BEF /* EventEditView.swift */ = {isa = PBXFileReference; lastKnownFileType = sourcecode.swift; path = EventEditView.swift; sourceTree = "<group>"; };
		B4BC26AD26216F8A00843BEF /* CreateMemberView.swift */ = {isa = PBXFileReference; lastKnownFileType = sourcecode.swift; path = CreateMemberView.swift; sourceTree = "<group>"; };
/* End PBXFileReference section */

/* Begin PBXFrameworksBuildPhase section */
		B4BC264D261B456E00843BEF /* Frameworks */ = {
			isa = PBXFrameworksBuildPhase;
			buildActionMask = 2147483647;
			files = (
			);
			runOnlyForDeploymentPostprocessing = 0;
		};
		B4BC265E261B457400843BEF /* Frameworks */ = {
			isa = PBXFrameworksBuildPhase;
			buildActionMask = 2147483647;
			files = (
			);
			runOnlyForDeploymentPostprocessing = 0;
		};
		B4BC2669261B457400843BEF /* Frameworks */ = {
			isa = PBXFrameworksBuildPhase;
			buildActionMask = 2147483647;
			files = (
			);
			runOnlyForDeploymentPostprocessing = 0;
		};
/* End PBXFrameworksBuildPhase section */

/* Begin PBXGroup section */
		B4BC2647261B456D00843BEF = {
			isa = PBXGroup;
			children = (
				B4BC2652261B456E00843BEF /* WarikanKun */,
				B4BC2664261B457400843BEF /* WarikanKunTests */,
				B4BC266F261B457400843BEF /* WarikanKunUITests */,
				B4BC2651261B456E00843BEF /* Products */,
			);
			sourceTree = "<group>";
		};
		B4BC2651261B456E00843BEF /* Products */ = {
			isa = PBXGroup;
			children = (
				B4BC2650261B456E00843BEF /* WarikanKun.app */,
				B4BC2661261B457400843BEF /* WarikanKunTests.xctest */,
				B4BC266C261B457400843BEF /* WarikanKunUITests.xctest */,
			);
			name = Products;
			sourceTree = "<group>";
		};
		B4BC2652261B456E00843BEF /* WarikanKun */ = {
			isa = PBXGroup;
			children = (
				B4BC2653261B456E00843BEF /* WarikanKunApp.swift */,
				B4BC2655261B456E00843BEF /* ContentView.swift */,
				B4BC269A261C429800843BEF /* EventView.swift */,
				B4BC26A8261F386400843BEF /* EventEditView.swift */,
				B4BC26AD26216F8A00843BEF /* CreateMemberView.swift */,
				B4BC268B261C3A8700843BEF /* Event.swift */,
				B4BC2695261C3CFD00843BEF /* Payment.swift */,
				B4BC2690261C3C5900843BEF /* Member.swift */,
				B4BC2681261B483E00843BEF /* SwiftUIView.swift */,
				B4BC2657261B457400843BEF /* Assets.xcassets */,
				B4BC265C261B457400843BEF /* Info.plist */,
				B4BC2659261B457400843BEF /* Preview Content */,
			);
			path = WarikanKun;
			sourceTree = "<group>";
		};
		B4BC2659261B457400843BEF /* Preview Content */ = {
			isa = PBXGroup;
			children = (
				B4BC265A261B457400843BEF /* Preview Assets.xcassets */,
			);
			path = "Preview Content";
			sourceTree = "<group>";
		};
		B4BC2664261B457400843BEF /* WarikanKunTests */ = {
			isa = PBXGroup;
			children = (
				B4BC2665261B457400843BEF /* WarikanKunTests.swift */,
				B4BC2667261B457400843BEF /* Info.plist */,
			);
			path = WarikanKunTests;
			sourceTree = "<group>";
		};
		B4BC266F261B457400843BEF /* WarikanKunUITests */ = {
			isa = PBXGroup;
			children = (
				B4BC2670261B457400843BEF /* WarikanKunUITests.swift */,
				B4BC2672261B457400843BEF /* Info.plist */,
			);
			path = WarikanKunUITests;
			sourceTree = "<group>";
		};
/* End PBXGroup section */

/* Begin PBXNativeTarget section */
		B4BC264F261B456E00843BEF /* WarikanKun */ = {
			isa = PBXNativeTarget;
			buildConfigurationList = B4BC2675261B457400843BEF /* Build configuration list for PBXNativeTarget "WarikanKun" */;
			buildPhases = (
				B4BC264C261B456E00843BEF /* Sources */,
				B4BC264D261B456E00843BEF /* Frameworks */,
				B4BC264E261B456E00843BEF /* Resources */,
			);
			buildRules = (
			);
			dependencies = (
			);
			name = WarikanKun;
			productName = WarikanKun;
			productReference = B4BC2650261B456E00843BEF /* WarikanKun.app */;
			productType = "com.apple.product-type.application";
		};
		B4BC2660261B457400843BEF /* WarikanKunTests */ = {
			isa = PBXNativeTarget;
			buildConfigurationList = B4BC2678261B457400843BEF /* Build configuration list for PBXNativeTarget "WarikanKunTests" */;
			buildPhases = (
				B4BC265D261B457400843BEF /* Sources */,
				B4BC265E261B457400843BEF /* Frameworks */,
				B4BC265F261B457400843BEF /* Resources */,
			);
			buildRules = (
			);
			dependencies = (
				B4BC2663261B457400843BEF /* PBXTargetDependency */,
			);
			name = WarikanKunTests;
			productName = WarikanKunTests;
			productReference = B4BC2661261B457400843BEF /* WarikanKunTests.xctest */;
			productType = "com.apple.product-type.bundle.unit-test";
		};
		B4BC266B261B457400843BEF /* WarikanKunUITests */ = {
			isa = PBXNativeTarget;
			buildConfigurationList = B4BC267B261B457400843BEF /* Build configuration list for PBXNativeTarget "WarikanKunUITests" */;
			buildPhases = (
				B4BC2668261B457400843BEF /* Sources */,
				B4BC2669261B457400843BEF /* Frameworks */,
				B4BC266A261B457400843BEF /* Resources */,
			);
			buildRules = (
			);
			dependencies = (
				B4BC266E261B457400843BEF /* PBXTargetDependency */,
			);
			name = WarikanKunUITests;
			productName = WarikanKunUITests;
			productReference = B4BC266C261B457400843BEF /* WarikanKunUITests.xctest */;
			productType = "com.apple.product-type.bundle.ui-testing";
		};
/* End PBXNativeTarget section */

/* Begin PBXProject section */
		B4BC2648261B456D00843BEF /* Project object */ = {
			isa = PBXProject;
			attributes = {
				LastSwiftUpdateCheck = 1210;
				LastUpgradeCheck = 1210;
				TargetAttributes = {
					B4BC264F261B456E00843BEF = {
						CreatedOnToolsVersion = 12.1;
					};
					B4BC2660261B457400843BEF = {
						CreatedOnToolsVersion = 12.1;
						TestTargetID = B4BC264F261B456E00843BEF;
					};
					B4BC266B261B457400843BEF = {
						CreatedOnToolsVersion = 12.1;
						TestTargetID = B4BC264F261B456E00843BEF;
					};
				};
			};
			buildConfigurationList = B4BC264B261B456D00843BEF /* Build configuration list for PBXProject "WarikanKun" */;
			compatibilityVersion = "Xcode 9.3";
			developmentRegion = en;
			hasScannedForEncodings = 0;
			knownRegions = (
				en,
				Base,
			);
			mainGroup = B4BC2647261B456D00843BEF;
			productRefGroup = B4BC2651261B456E00843BEF /* Products */;
			projectDirPath = "";
			projectRoot = "";
			targets = (
				B4BC264F261B456E00843BEF /* WarikanKun */,
				B4BC2660261B457400843BEF /* WarikanKunTests */,
				B4BC266B261B457400843BEF /* WarikanKunUITests */,
			);
		};
/* End PBXProject section */

/* Begin PBXResourcesBuildPhase section */
		B4BC264E261B456E00843BEF /* Resources */ = {
			isa = PBXResourcesBuildPhase;
			buildActionMask = 2147483647;
			files = (
				B4BC265B261B457400843BEF /* Preview Assets.xcassets in Resources */,
				B4BC2658261B457400843BEF /* Assets.xcassets in Resources */,
			);
			runOnlyForDeploymentPostprocessing = 0;
		};
		B4BC265F261B457400843BEF /* Resources */ = {
			isa = PBXResourcesBuildPhase;
			buildActionMask = 2147483647;
			files = (
			);
			runOnlyForDeploymentPostprocessing = 0;
		};
		B4BC266A261B457400843BEF /* Resources */ = {
			isa = PBXResourcesBuildPhase;
			buildActionMask = 2147483647;
			files = (
			);
			runOnlyForDeploymentPostprocessing = 0;
		};
/* End PBXResourcesBuildPhase section */

/* Begin PBXSourcesBuildPhase section */
		B4BC264C261B456E00843BEF /* Sources */ = {
			isa = PBXSourcesBuildPhase;
			buildActionMask = 2147483647;
			files = (
				B4BC2656261B456E00843BEF /* ContentView.swift in Sources */,
				B4BC26A9261F386400843BEF /* EventEditView.swift in Sources */,
				B4BC2691261C3C5900843BEF /* Member.swift in Sources */,
				B4BC2696261C3CFD00843BEF /* Payment.swift in Sources */,
				B4BC2654261B456E00843BEF /* WarikanKunApp.swift in Sources */,
				B4BC26AE26216F8A00843BEF /* CreateMemberView.swift in Sources */,
				B4BC2682261B483E00843BEF /* SwiftUIView.swift in Sources */,
				B4BC268C261C3A8700843BEF /* Event.swift in Sources */,
				B4BC269B261C429800843BEF /* EventView.swift in Sources */,
			);
			runOnlyForDeploymentPostprocessing = 0;
		};
		B4BC265D261B457400843BEF /* Sources */ = {
			isa = PBXSourcesBuildPhase;
			buildActionMask = 2147483647;
			files = (
				B4BC2666261B457400843BEF /* WarikanKunTests.swift in Sources */,
			);
			runOnlyForDeploymentPostprocessing = 0;
		};
		B4BC2668261B457400843BEF /* Sources */ = {
			isa = PBXSourcesBuildPhase;
			buildActionMask = 2147483647;
			files = (
				B4BC2671261B457400843BEF /* WarikanKunUITests.swift in Sources */,
			);
			runOnlyForDeploymentPostprocessing = 0;
		};
/* End PBXSourcesBuildPhase section */

/* Begin PBXTargetDependency section */
		B4BC2663261B457400843BEF /* PBXTargetDependency */ = {
			isa = PBXTargetDependency;
			target = B4BC264F261B456E00843BEF /* WarikanKun */;
			targetProxy = B4BC2662261B457400843BEF /* PBXContainerItemProxy */;
		};
		B4BC266E261B457400843BEF /* PBXTargetDependency */ = {
			isa = PBXTargetDependency;
			target = B4BC264F261B456E00843BEF /* WarikanKun */;
			targetProxy = B4BC266D261B457400843BEF /* PBXContainerItemProxy */;
		};
/* End PBXTargetDependency section */

/* Begin XCBuildConfiguration section */
		B4BC2673261B457400843BEF /* Debug */ = {
			isa = XCBuildConfiguration;
			buildSettings = {
				ALWAYS_SEARCH_USER_PATHS = NO;
				CLANG_ANALYZER_NONNULL = YES;
				CLANG_ANALYZER_NUMBER_OBJECT_CONVERSION = YES_AGGRESSIVE;
				CLANG_CXX_LANGUAGE_STANDARD = "gnu++14";
				CLANG_CXX_LIBRARY = "libc++";
				CLANG_ENABLE_MODULES = YES;
				CLANG_ENABLE_OBJC_ARC = YES;
				CLANG_ENABLE_OBJC_WEAK = YES;
				CLANG_WARN_BLOCK_CAPTURE_AUTORELEASING = YES;
				CLANG_WARN_BOOL_CONVERSION = YES;
				CLANG_WARN_COMMA = YES;
				CLANG_WARN_CONSTANT_CONVERSION = YES;
				CLANG_WARN_DEPRECATED_OBJC_IMPLEMENTATIONS = YES;
				CLANG_WARN_DIRECT_OBJC_ISA_USAGE = YES_ERROR;
				CLANG_WARN_DOCUMENTATION_COMMENTS = YES;
				CLANG_WARN_EMPTY_BODY = YES;
				CLANG_WARN_ENUM_CONVERSION = YES;
				CLANG_WARN_INFINITE_RECURSION = YES;
				CLANG_WARN_INT_CONVERSION = YES;
				CLANG_WARN_NON_LITERAL_NULL_CONVERSION = YES;
				CLANG_WARN_OBJC_IMPLICIT_RETAIN_SELF = YES;
				CLANG_WARN_OBJC_LITERAL_CONVERSION = YES;
				CLANG_WARN_OBJC_ROOT_CLASS = YES_ERROR;
				CLANG_WARN_QUOTED_INCLUDE_IN_FRAMEWORK_HEADER = YES;
				CLANG_WARN_RANGE_LOOP_ANALYSIS = YES;
				CLANG_WARN_STRICT_PROTOTYPES = YES;
				CLANG_WARN_SUSPICIOUS_MOVE = YES;
				CLANG_WARN_UNGUARDED_AVAILABILITY = YES_AGGRESSIVE;
				CLANG_WARN_UNREACHABLE_CODE = YES;
				CLANG_WARN__DUPLICATE_METHOD_MATCH = YES;
				COPY_PHASE_STRIP = NO;
				DEBUG_INFORMATION_FORMAT = dwarf;
				ENABLE_STRICT_OBJC_MSGSEND = YES;
				ENABLE_TESTABILITY = YES;
				GCC_C_LANGUAGE_STANDARD = gnu11;
				GCC_DYNAMIC_NO_PIC = NO;
				GCC_NO_COMMON_BLOCKS = YES;
				GCC_OPTIMIZATION_LEVEL = 0;
				GCC_PREPROCESSOR_DEFINITIONS = (
					"DEBUG=1",
					"$(inherited)",
				);
				GCC_WARN_64_TO_32_BIT_CONVERSION = YES;
				GCC_WARN_ABOUT_RETURN_TYPE = YES_ERROR;
				GCC_WARN_UNDECLARED_SELECTOR = YES;
				GCC_WARN_UNINITIALIZED_AUTOS = YES_AGGRESSIVE;
				GCC_WARN_UNUSED_FUNCTION = YES;
				GCC_WARN_UNUSED_VARIABLE = YES;
				IPHONEOS_DEPLOYMENT_TARGET = 14.1;
				MTL_ENABLE_DEBUG_INFO = INCLUDE_SOURCE;
				MTL_FAST_MATH = YES;
				ONLY_ACTIVE_ARCH = YES;
				SDKROOT = iphoneos;
				SWIFT_ACTIVE_COMPILATION_CONDITIONS = DEBUG;
				SWIFT_OPTIMIZATION_LEVEL = "-Onone";
			};
			name = Debug;
		};
		B4BC2674261B457400843BEF /* Release */ = {
			isa = XCBuildConfiguration;
			buildSettings = {
				ALWAYS_SEARCH_USER_PATHS = NO;
				CLANG_ANALYZER_NONNULL = YES;
				CLANG_ANALYZER_NUMBER_OBJECT_CONVERSION = YES_AGGRESSIVE;
				CLANG_CXX_LANGUAGE_STANDARD = "gnu++14";
				CLANG_CXX_LIBRARY = "libc++";
				CLANG_ENABLE_MODULES = YES;
				CLANG_ENABLE_OBJC_ARC = YES;
				CLANG_ENABLE_OBJC_WEAK = YES;
				CLANG_WARN_BLOCK_CAPTURE_AUTORELEASING = YES;
				CLANG_WARN_BOOL_CONVERSION = YES;
				CLANG_WARN_COMMA = YES;
				CLANG_WARN_CONSTANT_CONVERSION = YES;
				CLANG_WARN_DEPRECATED_OBJC_IMPLEMENTATIONS = YES;
				CLANG_WARN_DIRECT_OBJC_ISA_USAGE = YES_ERROR;
				CLANG_WARN_DOCUMENTATION_COMMENTS = YES;
				CLANG_WARN_EMPTY_BODY = YES;
				CLANG_WARN_ENUM_CONVERSION = YES;
				CLANG_WARN_INFINITE_RECURSION = YES;
				CLANG_WARN_INT_CONVERSION = YES;
				CLANG_WARN_NON_LITERAL_NULL_CONVERSION = YES;
				CLANG_WARN_OBJC_IMPLICIT_RETAIN_SELF = YES;
				CLANG_WARN_OBJC_LITERAL_CONVERSION = YES;
				CLANG_WARN_OBJC_ROOT_CLASS = YES_ERROR;
				CLANG_WARN_QUOTED_INCLUDE_IN_FRAMEWORK_HEADER = YES;
				CLANG_WARN_RANGE_LOOP_ANALYSIS = YES;
				CLANG_WARN_STRICT_PROTOTYPES = YES;
				CLANG_WARN_SUSPICIOUS_MOVE = YES;
				CLANG_WARN_UNGUARDED_AVAILABILITY = YES_AGGRESSIVE;
				CLANG_WARN_UNREACHABLE_CODE = YES;
				CLANG_WARN__DUPLICATE_METHOD_MATCH = YES;
				COPY_PHASE_STRIP = NO;
				DEBUG_INFORMATION_FORMAT = "dwarf-with-dsym";
				ENABLE_NS_ASSERTIONS = NO;
				ENABLE_STRICT_OBJC_MSGSEND = YES;
				GCC_C_LANGUAGE_STANDARD = gnu11;
				GCC_NO_COMMON_BLOCKS = YES;
				GCC_WARN_64_TO_32_BIT_CONVERSION = YES;
				GCC_WARN_ABOUT_RETURN_TYPE = YES_ERROR;
				GCC_WARN_UNDECLARED_SELECTOR = YES;
				GCC_WARN_UNINITIALIZED_AUTOS = YES_AGGRESSIVE;
				GCC_WARN_UNUSED_FUNCTION = YES;
				GCC_WARN_UNUSED_VARIABLE = YES;
				IPHONEOS_DEPLOYMENT_TARGET = 14.1;
				MTL_ENABLE_DEBUG_INFO = NO;
				MTL_FAST_MATH = YES;
				SDKROOT = iphoneos;
				SWIFT_COMPILATION_MODE = wholemodule;
				SWIFT_OPTIMIZATION_LEVEL = "-O";
				VALIDATE_PRODUCT = YES;
			};
			name = Release;
		};
		B4BC2676261B457400843BEF /* Debug */ = {
			isa = XCBuildConfiguration;
			buildSettings = {
				ASSETCATALOG_COMPILER_APPICON_NAME = AppIcon;
				ASSETCATALOG_COMPILER_GLOBAL_ACCENT_COLOR_NAME = AccentColor;
				CODE_SIGN_STYLE = Automatic;
				DEVELOPMENT_ASSET_PATHS = "\"WarikanKun/Preview Content\"";
				ENABLE_PREVIEWS = YES;
				INFOPLIST_FILE = WarikanKun/Info.plist;
				IPHONEOS_DEPLOYMENT_TARGET = 14.0;
				LD_RUNPATH_SEARCH_PATHS = (
					"$(inherited)",
					"@executable_path/Frameworks",
				);
				PRODUCT_BUNDLE_IDENTIFIER = keiliving.WarikanKun;
				PRODUCT_NAME = "$(TARGET_NAME)";
				SWIFT_VERSION = 5.0;
				TARGETED_DEVICE_FAMILY = "1,2";
			};
			name = Debug;
		};
		B4BC2677261B457400843BEF /* Release */ = {
			isa = XCBuildConfiguration;
			buildSettings = {
				ASSETCATALOG_COMPILER_APPICON_NAME = AppIcon;
				ASSETCATALOG_COMPILER_GLOBAL_ACCENT_COLOR_NAME = AccentColor;
				CODE_SIGN_STYLE = Automatic;
				DEVELOPMENT_ASSET_PATHS = "\"WarikanKun/Preview Content\"";
				ENABLE_PREVIEWS = YES;
				INFOPLIST_FILE = WarikanKun/Info.plist;
				IPHONEOS_DEPLOYMENT_TARGET = 14.0;
				LD_RUNPATH_SEARCH_PATHS = (
					"$(inherited)",
					"@executable_path/Frameworks",
				);
				PRODUCT_BUNDLE_IDENTIFIER = keiliving.WarikanKun;
				PRODUCT_NAME = "$(TARGET_NAME)";
				SWIFT_VERSION = 5.0;
				TARGETED_DEVICE_FAMILY = "1,2";
			};
			name = Release;
		};
		B4BC2679261B457400843BEF /* Debug */ = {
			isa = XCBuildConfiguration;
			buildSettings = {
				ALWAYS_EMBED_SWIFT_STANDARD_LIBRARIES = YES;
				BUNDLE_LOADER = "$(TEST_HOST)";
				CODE_SIGN_STYLE = Automatic;
				INFOPLIST_FILE = WarikanKunTests/Info.plist;
				IPHONEOS_DEPLOYMENT_TARGET = 14.0;
				LD_RUNPATH_SEARCH_PATHS = (
					"$(inherited)",
					"@executable_path/Frameworks",
					"@loader_path/Frameworks",
				);
				PRODUCT_BUNDLE_IDENTIFIER = keiliving.WarikanKunTests;
				PRODUCT_NAME = "$(TARGET_NAME)";
				SWIFT_VERSION = 5.0;
				TARGETED_DEVICE_FAMILY = "1,2";
				TEST_HOST = "$(BUILT_PRODUCTS_DIR)/WarikanKun.app/WarikanKun";
			};
			name = Debug;
		};
		B4BC267A261B457400843BEF /* Release */ = {
			isa = XCBuildConfiguration;
			buildSettings = {
				ALWAYS_EMBED_SWIFT_STANDARD_LIBRARIES = YES;
				BUNDLE_LOADER = "$(TEST_HOST)";
				CODE_SIGN_STYLE = Automatic;
				INFOPLIST_FILE = WarikanKunTests/Info.plist;
				IPHONEOS_DEPLOYMENT_TARGET = 14.0;
				LD_RUNPATH_SEARCH_PATHS = (
					"$(inherited)",
					"@executable_path/Frameworks",
					"@loader_path/Frameworks",
				);
				PRODUCT_BUNDLE_IDENTIFIER = keiliving.WarikanKunTests;
				PRODUCT_NAME = "$(TARGET_NAME)";
				SWIFT_VERSION = 5.0;
				TARGETED_DEVICE_FAMILY = "1,2";
				TEST_HOST = "$(BUILT_PRODUCTS_DIR)/WarikanKun.app/WarikanKun";
			};
			name = Release;
		};
		B4BC267C261B457400843BEF /* Debug */ = {
			isa = XCBuildConfiguration;
			buildSettings = {
				ALWAYS_EMBED_SWIFT_STANDARD_LIBRARIES = YES;
				CODE_SIGN_STYLE = Automatic;
				INFOPLIST_FILE = WarikanKunUITests/Info.plist;
				LD_RUNPATH_SEARCH_PATHS = (
					"$(inherited)",
					"@executable_path/Frameworks",
					"@loader_path/Frameworks",
				);
				PRODUCT_BUNDLE_IDENTIFIER = keiliving.WarikanKunUITests;
				PRODUCT_NAME = "$(TARGET_NAME)";
				SWIFT_VERSION = 5.0;
				TARGETED_DEVICE_FAMILY = "1,2";
				TEST_TARGET_NAME = WarikanKun;
			};
			name = Debug;
		};
		B4BC267D261B457400843BEF /* Release */ = {
			isa = XCBuildConfiguration;
			buildSettings = {
				ALWAYS_EMBED_SWIFT_STANDARD_LIBRARIES = YES;
				CODE_SIGN_STYLE = Automatic;
				INFOPLIST_FILE = WarikanKunUITests/Info.plist;
				LD_RUNPATH_SEARCH_PATHS = (
					"$(inherited)",
					"@executable_path/Frameworks",
					"@loader_path/Frameworks",
				);
				PRODUCT_BUNDLE_IDENTIFIER = keiliving.WarikanKunUITests;
				PRODUCT_NAME = "$(TARGET_NAME)";
				SWIFT_VERSION = 5.0;
				TARGETED_DEVICE_FAMILY = "1,2";
				TEST_TARGET_NAME = WarikanKun;
			};
			name = Release;
		};
/* End XCBuildConfiguration section */

/* Begin XCConfigurationList section */
		B4BC264B261B456D00843BEF /* Build configuration list for PBXProject "WarikanKun" */ = {
			isa = XCConfigurationList;
			buildConfigurations = (
				B4BC2673261B457400843BEF /* Debug */,
				B4BC2674261B457400843BEF /* Release */,
			);
			defaultConfigurationIsVisible = 0;
			defaultConfigurationName = Release;
		};
		B4BC2675261B457400843BEF /* Build configuration list for PBXNativeTarget "WarikanKun" */ = {
			isa = XCConfigurationList;
			buildConfigurations = (
				B4BC2676261B457400843BEF /* Debug */,
				B4BC2677261B457400843BEF /* Release */,
			);
			defaultConfigurationIsVisible = 0;
			defaultConfigurationName = Release;
		};
		B4BC2678261B457400843BEF /* Build configuration list for PBXNativeTarget "WarikanKunTests" */ = {
			isa = XCConfigurationList;
			buildConfigurations = (
				B4BC2679261B457400843BEF /* Debug */,
				B4BC267A261B457400843BEF /* Release */,
			);
			defaultConfigurationIsVisible = 0;
			defaultConfigurationName = Release;
		};
		B4BC267B261B457400843BEF /* Build configuration list for PBXNativeTarget "WarikanKunUITests" */ = {
			isa = XCConfigurationList;
			buildConfigurations = (
				B4BC267C261B457400843BEF /* Debug */,
				B4BC267D261B457400843BEF /* Release */,
			);
			defaultConfigurationIsVisible = 0;
			defaultConfigurationName = Release;
		};
/* End XCConfigurationList section */
	};
	rootObject = B4BC2648261B456D00843BEF /* Project object */;
}
